version = 1
requires-python = ">=3.12"

[[package]]
name = "colorama"
version = "0.4.6"
source = { registry = "https://pypi.org/simple" }
sdist = { url = "https://files.pythonhosted.org/packages/d8/53/6f443c9a4a8358a93a6792e2acffb9d9d5cb0a5cfd8802644b7b1c9a02e4/colorama-0.4.6.tar.gz", hash = "sha256:08695f5cb7ed6e0531a20572697297273c47b8cae5a63ffc6d6ed5c201be6e44", size = 27697 }
wheels = [
    { url = "https://files.pythonhosted.org/packages/d1/d6/3965ed04c63042e047cb6a3e6ed1a63a35087b6a609aa3a15ed8ac56c221/colorama-0.4.6-py2.py3-none-any.whl", hash = "sha256:4f1d9991f5acc0ca119f9d443620b77f9d6b33703e51011c16baf57afb285fc6", size = 25335 },
]

[[package]]
name = "docopt"
version = "0.6.2"
source = { registry = "https://pypi.org/simple" }
sdist = { url = "https://files.pythonhosted.org/packages/a2/55/8f8cab2afd404cf578136ef2cc5dfb50baa1761b68c9da1fb1e4eed343c9/docopt-0.6.2.tar.gz", hash = "sha256:49b3a825280bd66b3aa83585ef59c4a8c82f2c8a522dbe754a8bc8d08c85c491", size = 25901 }

[[package]]
name = "grpcio"
version = "1.67.1"
source = { registry = "https://pypi.org/simple" }
sdist = { url = "https://files.pythonhosted.org/packages/20/53/d9282a66a5db45981499190b77790570617a604a38f3d103d0400974aeb5/grpcio-1.67.1.tar.gz", hash = "sha256:3dc2ed4cabea4dc14d5e708c2b426205956077cc5de419b4d4079315017e9732", size = 12580022 }
wheels = [
    { url = "https://files.pythonhosted.org/packages/6e/25/6f95bd18d5f506364379eabc0d5874873cc7dbdaf0757df8d1e82bc07a88/grpcio-1.67.1-cp312-cp312-linux_armv7l.whl", hash = "sha256:267d1745894200e4c604958da5f856da6293f063327cb049a51fe67348e4f953", size = 5089809 },
    { url = "https://files.pythonhosted.org/packages/10/3f/d79e32e5d0354be33a12db2267c66d3cfeff700dd5ccdd09fd44a3ff4fb6/grpcio-1.67.1-cp312-cp312-macosx_10_9_universal2.whl", hash = "sha256:85f69fdc1d28ce7cff8de3f9c67db2b0ca9ba4449644488c1e0303c146135ddb", size = 10981985 },
    { url = "https://files.pythonhosted.org/packages/21/f2/36fbc14b3542e3a1c20fb98bd60c4732c55a44e374a4eb68f91f28f14aab/grpcio-1.67.1-cp312-cp312-manylinux_2_17_aarch64.whl", hash = "sha256:f26b0b547eb8d00e195274cdfc63ce64c8fc2d3e2d00b12bf468ece41a0423a0", size = 5588770 },
    { url = "https://files.pythonhosted.org/packages/0d/af/bbc1305df60c4e65de8c12820a942b5e37f9cf684ef5e49a63fbb1476a73/grpcio-1.67.1-cp312-cp312-manylinux_2_17_i686.manylinux2014_i686.whl", hash = "sha256:4422581cdc628f77302270ff839a44f4c24fdc57887dc2a45b7e53d8fc2376af", size = 6214476 },
    { url = "https://files.pythonhosted.org/packages/92/cf/1d4c3e93efa93223e06a5c83ac27e32935f998bc368e276ef858b8883154/grpcio-1.67.1-cp312-cp312-manylinux_2_17_x86_64.manylinux2014_x86_64.whl", hash = "sha256:1d7616d2ded471231c701489190379e0c311ee0a6c756f3c03e6a62b95a7146e", size = 5850129 },
    { url = "https://files.pythonhosted.org/packages/ae/ca/26195b66cb253ac4d5ef59846e354d335c9581dba891624011da0e95d67b/grpcio-1.67.1-cp312-cp312-musllinux_1_1_i686.whl", hash = "sha256:8a00efecde9d6fcc3ab00c13f816313c040a28450e5e25739c24f432fc6d3c75", size = 6568489 },
    { url = "https://files.pythonhosted.org/packages/d1/94/16550ad6b3f13b96f0856ee5dfc2554efac28539ee84a51d7b14526da985/grpcio-1.67.1-cp312-cp312-musllinux_1_1_x86_64.whl", hash = "sha256:699e964923b70f3101393710793289e42845791ea07565654ada0969522d0a38", size = 6149369 },
    { url = "https://files.pythonhosted.org/packages/33/0d/4c3b2587e8ad7f121b597329e6c2620374fccbc2e4e1aa3c73ccc670fde4/grpcio-1.67.1-cp312-cp312-win32.whl", hash = "sha256:4e7b904484a634a0fff132958dabdb10d63e0927398273917da3ee103e8d1f78", size = 3599176 },
    { url = "https://files.pythonhosted.org/packages/7d/36/0c03e2d80db69e2472cf81c6123aa7d14741de7cf790117291a703ae6ae1/grpcio-1.67.1-cp312-cp312-win_amd64.whl", hash = "sha256:5721e66a594a6c4204458004852719b38f3d5522082be9061d6510b455c90afc", size = 4346574 },
    { url = "https://files.pythonhosted.org/packages/12/d2/2f032b7a153c7723ea3dea08bffa4bcaca9e0e5bdf643ce565b76da87461/grpcio-1.67.1-cp313-cp313-linux_armv7l.whl", hash = "sha256:aa0162e56fd10a5547fac8774c4899fc3e18c1aa4a4759d0ce2cd00d3696ea6b", size = 5091487 },
    { url = "https://files.pythonhosted.org/packages/d0/ae/ea2ff6bd2475a082eb97db1104a903cf5fc57c88c87c10b3c3f41a184fc0/grpcio-1.67.1-cp313-cp313-macosx_10_13_universal2.whl", hash = "sha256:beee96c8c0b1a75d556fe57b92b58b4347c77a65781ee2ac749d550f2a365dc1", size = 10943530 },
    { url = "https://files.pythonhosted.org/packages/07/62/646be83d1a78edf8d69b56647327c9afc223e3140a744c59b25fbb279c3b/grpcio-1.67.1-cp313-cp313-manylinux_2_17_aarch64.whl", hash = "sha256:a93deda571a1bf94ec1f6fcda2872dad3ae538700d94dc283c672a3b508ba3af", size = 5589079 },
    { url = "https://files.pythonhosted.org/packages/d0/25/71513d0a1b2072ce80d7f5909a93596b7ed10348b2ea4fdcbad23f6017bf/grpcio-1.67.1-cp313-cp313-manylinux_2_17_i686.manylinux2014_i686.whl", hash = "sha256:0e6f255980afef598a9e64a24efce87b625e3e3c80a45162d111a461a9f92955", size = 6213542 },
    { url = "https://files.pythonhosted.org/packages/76/9a/d21236297111052dcb5dc85cd77dc7bf25ba67a0f55ae028b2af19a704bc/grpcio-1.67.1-cp313-cp313-manylinux_2_17_x86_64.manylinux2014_x86_64.whl", hash = "sha256:9e838cad2176ebd5d4a8bb03955138d6589ce9e2ce5d51c3ada34396dbd2dba8", size = 5850211 },
    { url = "https://files.pythonhosted.org/packages/2d/fe/70b1da9037f5055be14f359026c238821b9bcf6ca38a8d760f59a589aacd/grpcio-1.67.1-cp313-cp313-musllinux_1_1_i686.whl", hash = "sha256:a6703916c43b1d468d0756c8077b12017a9fcb6a1ef13faf49e67d20d7ebda62", size = 6572129 },
    { url = "https://files.pythonhosted.org/packages/74/0d/7df509a2cd2a54814598caf2fb759f3e0b93764431ff410f2175a6efb9e4/grpcio-1.67.1-cp313-cp313-musllinux_1_1_x86_64.whl", hash = "sha256:917e8d8994eed1d86b907ba2a61b9f0aef27a2155bca6cbb322430fc7135b7bb", size = 6149819 },
    { url = "https://files.pythonhosted.org/packages/0a/08/bc3b0155600898fd10f16b79054e1cca6cb644fa3c250c0fe59385df5e6f/grpcio-1.67.1-cp313-cp313-win32.whl", hash = "sha256:e279330bef1744040db8fc432becc8a727b84f456ab62b744d3fdb83f327e121", size = 3596561 },
    { url = "https://files.pythonhosted.org/packages/5a/96/44759eca966720d0f3e1b105c43f8ad4590c97bf8eb3cd489656e9590baa/grpcio-1.67.1-cp313-cp313-win_amd64.whl", hash = "sha256:fa0c739ad8b1996bd24823950e3cb5152ae91fca1c09cc791190bf1627ffefba", size = 4346042 },
]

[[package]]
name = "grpcio-tools"
version = "1.67.1"
source = { registry = "https://pypi.org/simple" }
dependencies = [
    { name = "grpcio" },
    { name = "protobuf" },
    { name = "setuptools" },
]
sdist = { url = "https://files.pythonhosted.org/packages/ae/f9/6facde12a5a8da4398a3a8947f8ba6ef33b408dfc9767c8cefc0074ddd68/grpcio_tools-1.67.1.tar.gz", hash = "sha256:d9657f5ddc62b52f58904e6054b7d8a8909ed08a1e28b734be3a707087bcf004", size = 5159073 }
wheels = [
    { url = "https://files.pythonhosted.org/packages/d9/cf/7b1908ca72e484bac555431036292c48d2d6504a45e2789848cb5ff313a8/grpcio_tools-1.67.1-cp312-cp312-linux_armv7l.whl", hash = "sha256:bd5caef3a484e226d05a3f72b2d69af500dca972cf434bf6b08b150880166f0b", size = 2307645 },
    { url = "https://files.pythonhosted.org/packages/bb/15/0d1efb38af8af7e56b2342322634a3caf5f1337a6c3857a6d14aa590dfdf/grpcio_tools-1.67.1-cp312-cp312-macosx_10_9_universal2.whl", hash = "sha256:48a2d63d1010e5b218e8e758ecb2a8d63c0c6016434e9f973df1c3558917020a", size = 5525468 },
    { url = "https://files.pythonhosted.org/packages/52/42/a810709099f09ade7f32990c0712c555b3d7eab6a05fb62618c17f8fe9da/grpcio_tools-1.67.1-cp312-cp312-manylinux_2_17_aarch64.whl", hash = "sha256:baa64a6aa009bffe86309e236c81b02cd4a88c1ebd66f2d92e84e9b97a9ae857", size = 2281768 },
    { url = "https://files.pythonhosted.org/packages/4c/2a/64ee6cfdf1c32ef8bdd67bf04ae2f745f517f4a546281453ca1f68fa79ca/grpcio_tools-1.67.1-cp312-cp312-manylinux_2_17_i686.manylinux2014_i686.whl", hash = "sha256:4ab318c40b5e3c097a159035fc3e4ecfbe9b3d2c9de189e55468b2c27639a6ab", size = 2617359 },
    { url = "https://files.pythonhosted.org/packages/79/7f/1ed8cd1529253fef9cf0ef3cd8382641125a5ca2eaa08eaffbb549f84e0b/grpcio_tools-1.67.1-cp312-cp312-manylinux_2_17_x86_64.manylinux2014_x86_64.whl", hash = "sha256:50eba3e31f9ac1149463ad9182a37349850904f142cffbd957cd7f54ec320b8e", size = 2415323 },
    { url = "https://files.pythonhosted.org/packages/8e/08/59f0073c58703c176c15fb1a838763b77c1c06994adba16654b92a666e1b/grpcio_tools-1.67.1-cp312-cp312-musllinux_1_1_i686.whl", hash = "sha256:de6fbc071ecc4fe6e354a7939202191c1f1abffe37fbce9b08e7e9a5b93eba3d", size = 3225051 },
    { url = "https://files.pythonhosted.org/packages/b7/0d/a5d703214fe49d261b4b8f0a64140a4dc1f88560724a38ad937120b899ad/grpcio_tools-1.67.1-cp312-cp312-musllinux_1_1_x86_64.whl", hash = "sha256:db9e87f6ea4b0ce99b2651203480585fd9e8dd0dd122a19e46836e93e3a1b749", size = 2870421 },
    { url = "https://files.pythonhosted.org/packages/ac/af/41d79cb87eae99c0348e8f1fb3dbed9e40a6f63548b216e99f4d1165fa5c/grpcio_tools-1.67.1-cp312-cp312-win32.whl", hash = "sha256:6a595a872fb720dde924c4e8200f41d5418dd6baab8cc1a3c1e540f8f4596351", size = 940542 },
    { url = "https://files.pythonhosted.org/packages/66/e5/096e12f5319835aa2bcb746d49ae62220bb48313ca649e89bdbef605c11d/grpcio_tools-1.67.1-cp312-cp312-win_amd64.whl", hash = "sha256:92eebb9b31031604ae97ea7657ae2e43149b0394af7117ad7e15894b6cc136dc", size = 1090425 },
    { url = "https://files.pythonhosted.org/packages/62/b3/91c88440c978740752d39f1abae83f21408048b98b93652ebd84f974ad3d/grpcio_tools-1.67.1-cp313-cp313-linux_armv7l.whl", hash = "sha256:9a3b9510cc87b6458b05ad49a6dee38df6af37f9ee6aa027aa086537798c3d4a", size = 2307453 },
    { url = "https://files.pythonhosted.org/packages/05/33/faf3330825463c0409fa3891bc1459bf86a00055b19790211365279538d7/grpcio_tools-1.67.1-cp313-cp313-macosx_10_13_universal2.whl", hash = "sha256:9e4c9b9fa9b905f15d414cb7bd007ba7499f8907bdd21231ab287a86b27da81a", size = 5517975 },
    { url = "https://files.pythonhosted.org/packages/bd/78/461ab34cadbd0b5b9a0b6efedda96b58e0de471e3fa91d8e4a4e31924e1b/grpcio_tools-1.67.1-cp313-cp313-manylinux_2_17_aarch64.whl", hash = "sha256:e11a98b41af4bc88b7a738232b8fa0306ad82c79fa5d7090bb607f183a57856f", size = 2281081 },
    { url = "https://files.pythonhosted.org/packages/5f/0c/b30bdbcab1795b12e05adf30c20981c14f66198e22044edb15b3c1d9f0bc/grpcio_tools-1.67.1-cp313-cp313-manylinux_2_17_i686.manylinux2014_i686.whl", hash = "sha256:de0fcfe61c26679d64b1710746f2891f359593f76894fcf492c37148d5694f00", size = 2616929 },
    { url = "https://files.pythonhosted.org/packages/d3/c2/a77ca68ae768f8d5f1d070ea4afc42fda40401083e7c4f5c08211e84de38/grpcio_tools-1.67.1-cp313-cp313-manylinux_2_17_x86_64.manylinux2014_x86_64.whl", hash = "sha256:7ae3b3e2ee5aad59dece65a613624c46a84c9582fc3642686537c6dfae8e47dc", size = 2414633 },
    { url = "https://files.pythonhosted.org/packages/39/70/8d7131dccfe4d7b739c96ada7ea9acde631f58f013eae773791fb490a3eb/grpcio_tools-1.67.1-cp313-cp313-musllinux_1_1_i686.whl", hash = "sha256:9a630f83505b6471a3094a7a372a1240de18d0cd3e64f4fbf46b361bac2be65b", size = 3224328 },
    { url = "https://files.pythonhosted.org/packages/2a/28/2d24b933ccf0d6877035aa3d5f8b64aad18c953657dd43c682b5701dc127/grpcio_tools-1.67.1-cp313-cp313-musllinux_1_1_x86_64.whl", hash = "sha256:d85a1fcbacd3e08dc2b3d1d46b749351a9a50899fa35cf2ff040e1faf7d405ad", size = 2869640 },
    { url = "https://files.pythonhosted.org/packages/37/77/ddd2b4cc896639fb0f85fc21d5684f25080ee28845c5a4031e3dd65fdc92/grpcio_tools-1.67.1-cp313-cp313-win32.whl", hash = "sha256:778470f025f25a1fca5a48c93c0a18af395b46b12dd8df7fca63736b85181f41", size = 939997 },
    { url = "https://files.pythonhosted.org/packages/96/d0/f0855a0ccb26ffeb41e6db68b5cbb25d7e9ba1f8f19151eef36210e64efc/grpcio_tools-1.67.1-cp313-cp313-win_amd64.whl", hash = "sha256:6961da86e9856b4ddee0bf51ef6636b4bf9c29c0715aa71f3c8f027c45d42654", size = 1089819 },
]

[[package]]
name = "packaging"
version = "24.1"
source = { registry = "https://pypi.org/simple" }
sdist = { url = "https://files.pythonhosted.org/packages/51/65/50db4dda066951078f0a96cf12f4b9ada6e4b811516bf0262c0f4f7064d4/packaging-24.1.tar.gz", hash = "sha256:026ed72c8ed3fcce5bf8950572258698927fd1dbda10a5e981cdf0ac37f4f002", size = 148788 }
wheels = [
    { url = "https://files.pythonhosted.org/packages/08/aa/cc0199a5f0ad350994d660967a8efb233fe0416e4639146c089643407ce6/packaging-24.1-py3-none-any.whl", hash = "sha256:5b8f2217dbdbd2f7f384c41c628544e6d52f2d0f53c6d0c3ea61aa5d1d7ff124", size = 53985 },
]

[[package]]
name = "protobuf"
version = "5.28.3"
source = { registry = "https://pypi.org/simple" }
sdist = { url = "https://files.pythonhosted.org/packages/74/6e/e69eb906fddcb38f8530a12f4b410699972ab7ced4e21524ece9d546ac27/protobuf-5.28.3.tar.gz", hash = "sha256:64badbc49180a5e401f373f9ce7ab1d18b63f7dd4a9cdc43c92b9f0b481cef7b", size = 422479 }
wheels = [
    { url = "https://files.pythonhosted.org/packages/d1/c5/05163fad52d7c43e124a545f1372d18266db36036377ad29de4271134a6a/protobuf-5.28.3-cp310-abi3-win32.whl", hash = "sha256:0c4eec6f987338617072592b97943fdbe30d019c56126493111cf24344c1cc24", size = 419624 },
    { url = "https://files.pythonhosted.org/packages/9c/4c/4563ebe001ff30dca9d7ed12e471fa098d9759712980cde1fd03a3a44fb7/protobuf-5.28.3-cp310-abi3-win_amd64.whl", hash = "sha256:91fba8f445723fcf400fdbe9ca796b19d3b1242cd873907979b9ed71e4afe868", size = 431464 },
    { url = "https://files.pythonhosted.org/packages/1c/f2/baf397f3dd1d3e4af7e3f5a0382b868d25ac068eefe1ebde05132333436c/protobuf-5.28.3-cp38-abi3-macosx_10_9_universal2.whl", hash = "sha256:a3f6857551e53ce35e60b403b8a27b0295f7d6eb63d10484f12bc6879c715687", size = 414743 },
    { url = "https://files.pythonhosted.org/packages/85/50/cd61a358ba1601f40e7d38bcfba22e053f40ef2c50d55b55926aecc8fec7/protobuf-5.28.3-cp38-abi3-manylinux2014_aarch64.whl", hash = "sha256:3fa2de6b8b29d12c61911505d893afe7320ce7ccba4df913e2971461fa36d584", size = 316511 },
    { url = "https://files.pythonhosted.org/packages/5d/ae/3257b09328c0b4e59535e497b0c7537d4954038bdd53a2f0d2f49d15a7c4/protobuf-5.28.3-cp38-abi3-manylinux2014_x86_64.whl", hash = "sha256:712319fbdddb46f21abb66cd33cb9e491a5763b2febd8f228251add221981135", size = 316624 },
    { url = "https://files.pythonhosted.org/packages/ad/c3/2377c159e28ea89a91cf1ca223f827ae8deccb2c9c401e5ca233cd73002f/protobuf-5.28.3-py3-none-any.whl", hash = "sha256:cee1757663fa32a1ee673434fcf3bf24dd54763c79690201208bafec62f19eed", size = 169511 },
]

[[package]]
name = "pykwalify"
version = "1.8.0"
source = { registry = "https://pypi.org/simple" }
dependencies = [
    { name = "docopt" },
    { name = "python-dateutil" },
    { name = "ruamel-yaml" },
]
sdist = { url = "https://files.pythonhosted.org/packages/d5/77/2d6849510dbfce5f74f1f69768763630ad0385ad7bb0a4f39b55de3920c7/pykwalify-1.8.0.tar.gz", hash = "sha256:796b2ad3ed4cb99b88308b533fb2f559c30fa6efb4fa9fda11347f483d245884", size = 62462 }
wheels = [
    { url = "https://files.pythonhosted.org/packages/1f/fd/ac2161cce19fd67a18c269073f8e86292b5511acec6f8ef6eab88615d032/pykwalify-1.8.0-py2.py3-none-any.whl", hash = "sha256:731dfa87338cca9f559d1fca2bdea37299116e3139b73f78ca90a543722d6651", size = 24860 },
]

[[package]]
name = "python-dateutil"
version = "2.9.0.post0"
source = { registry = "https://pypi.org/simple" }
dependencies = [
    { name = "six" },
]
sdist = { url = "https://files.pythonhosted.org/packages/66/c0/0c8b6ad9f17a802ee498c46e004a0eb49bc148f2fd230864601a86dcf6db/python-dateutil-2.9.0.post0.tar.gz", hash = "sha256:37dd54208da7e1cd875388217d5e00ebd4179249f90fb72437e91a35459a0ad3", size = 342432 }
wheels = [
    { url = "https://files.pythonhosted.org/packages/ec/57/56b9bcc3c9c6a792fcbaf139543cee77261f3651ca9da0c93f5c1221264b/python_dateutil-2.9.0.post0-py2.py3-none-any.whl", hash = "sha256:a8b2bc7bffae282281c8140a97d3aa9c14da0b136dfe83f850eea9a5f7470427", size = 229892 },
]

[[package]]
name = "pyyaml"
version = "6.0.2"
source = { registry = "https://pypi.org/simple" }
sdist = { url = "https://files.pythonhosted.org/packages/54/ed/79a089b6be93607fa5cdaedf301d7dfb23af5f25c398d5ead2525b063e17/pyyaml-6.0.2.tar.gz", hash = "sha256:d584d9ec91ad65861cc08d42e834324ef890a082e591037abe114850ff7bbc3e", size = 130631 }
wheels = [
    { url = "https://files.pythonhosted.org/packages/86/0c/c581167fc46d6d6d7ddcfb8c843a4de25bdd27e4466938109ca68492292c/PyYAML-6.0.2-cp312-cp312-macosx_10_9_x86_64.whl", hash = "sha256:c70c95198c015b85feafc136515252a261a84561b7b1d51e3384e0655ddf25ab", size = 183873 },
    { url = "https://files.pythonhosted.org/packages/a8/0c/38374f5bb272c051e2a69281d71cba6fdb983413e6758b84482905e29a5d/PyYAML-6.0.2-cp312-cp312-macosx_11_0_arm64.whl", hash = "sha256:ce826d6ef20b1bc864f0a68340c8b3287705cae2f8b4b1d932177dcc76721725", size = 173302 },
    { url = "https://files.pythonhosted.org/packages/c3/93/9916574aa8c00aa06bbac729972eb1071d002b8e158bd0e83a3b9a20a1f7/PyYAML-6.0.2-cp312-cp312-manylinux_2_17_aarch64.manylinux2014_aarch64.whl", hash = "sha256:1f71ea527786de97d1a0cc0eacd1defc0985dcf6b3f17bb77dcfc8c34bec4dc5", size = 739154 },
    { url = "https://files.pythonhosted.org/packages/95/0f/b8938f1cbd09739c6da569d172531567dbcc9789e0029aa070856f123984/PyYAML-6.0.2-cp312-cp312-manylinux_2_17_s390x.manylinux2014_s390x.whl", hash = "sha256:9b22676e8097e9e22e36d6b7bda33190d0d400f345f23d4065d48f4ca7ae0425", size = 766223 },
    { url = "https://files.pythonhosted.org/packages/b9/2b/614b4752f2e127db5cc206abc23a8c19678e92b23c3db30fc86ab731d3bd/PyYAML-6.0.2-cp312-cp312-manylinux_2_17_x86_64.manylinux2014_x86_64.whl", hash = "sha256:80bab7bfc629882493af4aa31a4cfa43a4c57c83813253626916b8c7ada83476", size = 767542 },
    { url = "https://files.pythonhosted.org/packages/d4/00/dd137d5bcc7efea1836d6264f049359861cf548469d18da90cd8216cf05f/PyYAML-6.0.2-cp312-cp312-musllinux_1_1_aarch64.whl", hash = "sha256:0833f8694549e586547b576dcfaba4a6b55b9e96098b36cdc7ebefe667dfed48", size = 731164 },
    { url = "https://files.pythonhosted.org/packages/c9/1f/4f998c900485e5c0ef43838363ba4a9723ac0ad73a9dc42068b12aaba4e4/PyYAML-6.0.2-cp312-cp312-musllinux_1_1_x86_64.whl", hash = "sha256:8b9c7197f7cb2738065c481a0461e50ad02f18c78cd75775628afb4d7137fb3b", size = 756611 },
    { url = "https://files.pythonhosted.org/packages/df/d1/f5a275fdb252768b7a11ec63585bc38d0e87c9e05668a139fea92b80634c/PyYAML-6.0.2-cp312-cp312-win32.whl", hash = "sha256:ef6107725bd54b262d6dedcc2af448a266975032bc85ef0172c5f059da6325b4", size = 140591 },
    { url = "https://files.pythonhosted.org/packages/0c/e8/4f648c598b17c3d06e8753d7d13d57542b30d56e6c2dedf9c331ae56312e/PyYAML-6.0.2-cp312-cp312-win_amd64.whl", hash = "sha256:7e7401d0de89a9a855c839bc697c079a4af81cf878373abd7dc625847d25cbd8", size = 156338 },
    { url = "https://files.pythonhosted.org/packages/ef/e3/3af305b830494fa85d95f6d95ef7fa73f2ee1cc8ef5b495c7c3269fb835f/PyYAML-6.0.2-cp313-cp313-macosx_10_13_x86_64.whl", hash = "sha256:efdca5630322a10774e8e98e1af481aad470dd62c3170801852d752aa7a783ba", size = 181309 },
    { url = "https://files.pythonhosted.org/packages/45/9f/3b1c20a0b7a3200524eb0076cc027a970d320bd3a6592873c85c92a08731/PyYAML-6.0.2-cp313-cp313-macosx_11_0_arm64.whl", hash = "sha256:50187695423ffe49e2deacb8cd10510bc361faac997de9efef88badc3bb9e2d1", size = 171679 },
    { url = "https://files.pythonhosted.org/packages/7c/9a/337322f27005c33bcb656c655fa78325b730324c78620e8328ae28b64d0c/PyYAML-6.0.2-cp313-cp313-manylinux_2_17_aarch64.manylinux2014_aarch64.whl", hash = "sha256:0ffe8360bab4910ef1b9e87fb812d8bc0a308b0d0eef8c8f44e0254ab3b07133", size = 733428 },
    { url = "https://files.pythonhosted.org/packages/a3/69/864fbe19e6c18ea3cc196cbe5d392175b4cf3d5d0ac1403ec3f2d237ebb5/PyYAML-6.0.2-cp313-cp313-manylinux_2_17_s390x.manylinux2014_s390x.whl", hash = "sha256:17e311b6c678207928d649faa7cb0d7b4c26a0ba73d41e99c4fff6b6c3276484", size = 763361 },
    { url = "https://files.pythonhosted.org/packages/04/24/b7721e4845c2f162d26f50521b825fb061bc0a5afcf9a386840f23ea19fa/PyYAML-6.0.2-cp313-cp313-manylinux_2_17_x86_64.manylinux2014_x86_64.whl", hash = "sha256:70b189594dbe54f75ab3a1acec5f1e3faa7e8cf2f1e08d9b561cb41b845f69d5", size = 759523 },
    { url = "https://files.pythonhosted.org/packages/2b/b2/e3234f59ba06559c6ff63c4e10baea10e5e7df868092bf9ab40e5b9c56b6/PyYAML-6.0.2-cp313-cp313-musllinux_1_1_aarch64.whl", hash = "sha256:41e4e3953a79407c794916fa277a82531dd93aad34e29c2a514c2c0c5fe971cc", size = 726660 },
    { url = "https://files.pythonhosted.org/packages/fe/0f/25911a9f080464c59fab9027482f822b86bf0608957a5fcc6eaac85aa515/PyYAML-6.0.2-cp313-cp313-musllinux_1_1_x86_64.whl", hash = "sha256:68ccc6023a3400877818152ad9a1033e3db8625d899c72eacb5a668902e4d652", size = 751597 },
    { url = "https://files.pythonhosted.org/packages/14/0d/e2c3b43bbce3cf6bd97c840b46088a3031085179e596d4929729d8d68270/PyYAML-6.0.2-cp313-cp313-win32.whl", hash = "sha256:bc2fa7c6b47d6bc618dd7fb02ef6fdedb1090ec036abab80d4681424b84c1183", size = 140527 },
    { url = "https://files.pythonhosted.org/packages/fa/de/02b54f42487e3d3c6efb3f89428677074ca7bf43aae402517bc7cca949f3/PyYAML-6.0.2-cp313-cp313-win_amd64.whl", hash = "sha256:8388ee1976c416731879ac16da0aff3f63b286ffdd57cdeb95f3f2e085687563", size = 156446 },
]

[[package]]
name = "ruamel-yaml"
version = "0.18.6"
source = { registry = "https://pypi.org/simple" }
dependencies = [
    { name = "ruamel-yaml-clib", marker = "python_full_version < '3.13' and platform_python_implementation == 'CPython'" },
]
sdist = { url = "https://files.pythonhosted.org/packages/29/81/4dfc17eb6ebb1aac314a3eb863c1325b907863a1b8b1382cdffcb6ac0ed9/ruamel.yaml-0.18.6.tar.gz", hash = "sha256:8b27e6a217e786c6fbe5634d8f3f11bc63e0f80f6a5890f28863d9c45aac311b", size = 143362 }
wheels = [
    { url = "https://files.pythonhosted.org/packages/73/67/8ece580cc363331d9a53055130f86b096bf16e38156e33b1d3014fffda6b/ruamel.yaml-0.18.6-py3-none-any.whl", hash = "sha256:57b53ba33def16c4f3d807c0ccbc00f8a6081827e81ba2491691b76882d0c636", size = 117761 },
]

[[package]]
name = "ruamel-yaml-clib"
version = "0.2.8"
source = { registry = "https://pypi.org/simple" }
sdist = { url = "https://files.pythonhosted.org/packages/46/ab/bab9eb1566cd16f060b54055dd39cf6a34bfa0240c53a7218c43e974295b/ruamel.yaml.clib-0.2.8.tar.gz", hash = "sha256:beb2e0404003de9a4cab9753a8805a8fe9320ee6673136ed7f04255fe60bb512", size = 213824 }
wheels = [
    { url = "https://files.pythonhosted.org/packages/7a/a2/eb5e9d088cb9d15c24d956944c09dca0a89108ad6e2e913c099ef36e3f0d/ruamel.yaml.clib-0.2.8-cp312-cp312-macosx_10_9_universal2.whl", hash = "sha256:ebc06178e8821efc9692ea7544aa5644217358490145629914d8020042c24aa1", size = 144636 },
    { url = "https://files.pythonhosted.org/packages/66/98/8de4f22bbfd9135deb3422e96d450c4bc0a57d38c25976119307d2efe0aa/ruamel.yaml.clib-0.2.8-cp312-cp312-macosx_13_0_arm64.whl", hash = "sha256:edaef1c1200c4b4cb914583150dcaa3bc30e592e907c01117c08b13a07255ec2", size = 135684 },
    { url = "https://files.pythonhosted.org/packages/30/d3/5fe978cd01a61c12efd24d65fa68c6f28f28c8073a06cf11db3a854390ca/ruamel.yaml.clib-0.2.8-cp312-cp312-manylinux_2_17_x86_64.manylinux2014_x86_64.manylinux_2_28_x86_64.whl", hash = "sha256:d176b57452ab5b7028ac47e7b3cf644bcfdc8cacfecf7e71759f7f51a59e5c92", size = 734571 },
    { url = "https://files.pythonhosted.org/packages/55/b3/e2531a050758b717c969cbf76c103b75d8a01e11af931b94ba656117fbe9/ruamel.yaml.clib-0.2.8-cp312-cp312-manylinux_2_24_aarch64.whl", hash = "sha256:1dc67314e7e1086c9fdf2680b7b6c2be1c0d8e3a8279f2e993ca2a7545fecf62", size = 643946 },
    { url = "https://files.pythonhosted.org/packages/0d/aa/06db7ca0995b513538402e11280282c615b5ae5f09eb820460d35fb69715/ruamel.yaml.clib-0.2.8-cp312-cp312-musllinux_1_1_i686.whl", hash = "sha256:3213ece08ea033eb159ac52ae052a4899b56ecc124bb80020d9bbceeb50258e9", size = 692169 },
    { url = "https://files.pythonhosted.org/packages/27/38/4cf4d482b84ecdf51efae6635cc5483a83cf5ca9d9c13e205a750e251696/ruamel.yaml.clib-0.2.8-cp312-cp312-musllinux_1_1_x86_64.whl", hash = "sha256:aab7fd643f71d7946f2ee58cc88c9b7bfc97debd71dcc93e03e2d174628e7e2d", size = 740325 },
    { url = "https://files.pythonhosted.org/packages/6f/67/c62c6eea53a4feb042727a3d6c18f50dc99683c2b199c06bd2a9e3db8e22/ruamel.yaml.clib-0.2.8-cp312-cp312-win32.whl", hash = "sha256:5c365d91c88390c8d0a8545df0b5857172824b1c604e867161e6b3d59a827eaa", size = 98639 },
    { url = "https://files.pythonhosted.org/packages/10/d2/52a3d810d0b5b3720725c0504a27b3fced7b6f310fe928f7019d79387bc1/ruamel.yaml.clib-0.2.8-cp312-cp312-win_amd64.whl", hash = "sha256:1758ce7d8e1a29d23de54a16ae867abd370f01b5a69e1a3ba75223eaa3ca1a1b", size = 115305 },
]

[[package]]
name = "setuptools"
version = "74.1.2"
source = { registry = "https://pypi.org/simple" }
sdist = { url = "https://files.pythonhosted.org/packages/3e/2c/f0a538a2f91ce633a78daaeb34cbfb93a54bd2132a6de1f6cec028eee6ef/setuptools-74.1.2.tar.gz", hash = "sha256:95b40ed940a1c67eb70fc099094bd6e99c6ee7c23aa2306f4d2697ba7916f9c6", size = 1356467 }
wheels = [
    { url = "https://files.pythonhosted.org/packages/cb/9c/9ad11ac06b97e55ada655f8a6bea9d1d3f06e120b178cd578d80e558191d/setuptools-74.1.2-py3-none-any.whl", hash = "sha256:5f4c08aa4d3ebcb57a50c33b1b07e94315d7fc7230f7115e47fc99776c8ce308", size = 1262071 },
]

[[package]]
name = "six"
version = "1.16.0"
source = { registry = "https://pypi.org/simple" }
sdist = { url = "https://files.pythonhosted.org/packages/71/39/171f1c67cd00715f190ba0b100d606d440a28c93c7714febeca8b79af85e/six-1.16.0.tar.gz", hash = "sha256:1e61c37477a1626458e36f7b1d82aa5c9b094fa4802892072e49de9c60c4c926", size = 34041 }
wheels = [
    { url = "https://files.pythonhosted.org/packages/d9/5a/e7c31adbe875f2abbb91bd84cf2dc52d792b5a01506781dbcf25c91daf11/six-1.16.0-py2.py3-none-any.whl", hash = "sha256:8abb2f1d86890a2dfb989f9a77cfcfd3e47c2a354b01111771326f8aa26e0254", size = 11053 },
]

[[package]]
name = "west"
version = "1.2.0"
source = { registry = "https://pypi.org/simple" }
dependencies = [
    { name = "colorama" },
    { name = "packaging" },
    { name = "pykwalify" },
    { name = "pyyaml" },
    { name = "setuptools" },
]
sdist = { url = "https://files.pythonhosted.org/packages/ee/7a/4c69c6a1054b319421d5acf028564bb1303ea9da42032a2000021d6495ee/west-1.2.0.tar.gz", hash = "sha256:b41e51ac90393944f9c01f7be27000d4b329615b7ed074fb0ef693b464681297", size = 92337 }
wheels = [
    { url = "https://files.pythonhosted.org/packages/7a/6c/fe925971cb8890a944f49bbf4796126874a79854cc0d6783fb356f3fff31/west-1.2.0-py3-none-any.whl", hash = "sha256:33f9f408849e16e54229059c865722acdecc87f7800f721374d84f851be1cae2", size = 95997 },
]

[[package]]
name = "zmk-neg"
version = "0.1.0"
source = { virtual = "." }
dependencies = [
    { name = "grpcio-tools" },
    { name = "protobuf" },
    { name = "west" },
]

[package.metadata]
requires-dist = [
    { name = "grpcio-tools", specifier = ">=1.67.1" },
    { name = "protobuf", specifier = ">=5.28.3" },
    { name = "west", specifier = ">=1.2.0" },
]
